
Microsoft Visual Studio Solution File, Format Version 12.00
# Visual Studio Version 17
VisualStudioVersion = 17.9.34714.143
MinimumVisualStudioVersion = 10.0.40219.1
Project("{FAE04EC0-301F-11D3-BF4B-00C04F79EFBC}") = "SimpleHeroGamev2", "SimpleHeroGamev2\SimpleHeroGamev2.csproj", "{771560F6-E2E8-44F5-8B1A-BED3BECF645C}"
EndProject
Global
	GlobalSection(SolutionConfigurationPlatforms) = preSolution
		Debug|Any CPU = Debug|Any CPU
		Release|Any CPU = Release|Any CPU
	EndGlobalSection
	GlobalSection(ProjectConfigurationPlatforms) = postSolution
		{771560F6-E2E8-44F5-8B1A-BED3BECF645C}.Debug|Any CPU.ActiveCfg = Debug|Any CPU
		{771560F6-E2E8-44F5-8B1A-BED3BECF645C}.Debug|Any CPU.Build.0 = Debug|Any CPU
		{771560F6-E2E8-44F5-8B1A-BED3BECF645C}.Release|Any CPU.ActiveCfg = Release|Any CPU
		{771560F6-E2E8-44F5-8B1A-BED3BECF645C}.Release|Any CPU.Build.0 = Release|Any CPU
	EndGlobalSection
	GlobalSection(SolutionProperties) = preSolution
		HideSolutionNode = FALSE
	EndGlobalSection
	GlobalSection(ExtensibilityGlobals) = postSolution
		SolutionGuid = {78E40C1A-AEC5-4015-8254-E768123C6CD4}
	EndGlobalSection
EndGlobal
